
Microsoft Visual Studio Solution File, Format Version 12.00
# Visual Studio Version 17
VisualStudioVersion = 17.14.36705.20
MinimumVisualStudioVersion = 10.0.40219.1
Project("{FAE04EC0-301F-11D3-BF4B-00C04F79EFBC}") = "ProjectMerlin.Core", "ProjectMerlin.Core\ProjectMerlin.Core.csproj", "{CAFC2703-402E-49EC-A263-9E9CCA7FB64C}"
EndProject
Project("{FAE04EC0-301F-11D3-BF4B-00C04F79EFBC}") = "ProjectMerlin.Cli", "ProjectMerlin.Cli\ProjectMerlin.Cli.csproj", "{6AACB50A-E273-4C23-BAC7-634C6DABBBF0}"
EndProject
Project("{FAE04EC0-301F-11D3-BF4B-00C04F79EFBC}") = "ProjectMerlin.Cli.Linux", "ProjectMerlin.Cli.Linux\ProjectMerlin.Cli.Linux.csproj", "{7572BE9F-D7A7-43AD-9D55-4F51202C3214}"
EndProject
Global
	GlobalSection(SolutionConfigurationPlatforms) = preSolution
		Debug|Any CPU = Debug|Any CPU
		Release|Any CPU = Release|Any CPU
	EndGlobalSection
	GlobalSection(ProjectConfigurationPlatforms) = postSolution
		{CAFC2703-402E-49EC-A263-9E9CCA7FB64C}.Debug|Any CPU.ActiveCfg = Debug|Any CPU
		{CAFC2703-402E-49EC-A263-9E9CCA7FB64C}.Debug|Any CPU.Build.0 = Debug|Any CPU
		{CAFC2703-402E-49EC-A263-9E9CCA7FB64C}.Release|Any CPU.ActiveCfg = Release|Any CPU
		{CAFC2703-402E-49EC-A263-9E9CCA7FB64C}.Release|Any CPU.Build.0 = Release|Any CPU
		{6AACB50A-E273-4C23-BAC7-634C6DABBBF0}.Debug|Any CPU.ActiveCfg = Debug|Any CPU
		{6AACB50A-E273-4C23-BAC7-634C6DABBBF0}.Debug|Any CPU.Build.0 = Debug|Any CPU
		{6AACB50A-E273-4C23-BAC7-634C6DABBBF0}.Release|Any CPU.ActiveCfg = Release|Any CPU
		{6AACB50A-E273-4C23-BAC7-634C6DABBBF0}.Release|Any CPU.Build.0 = Release|Any CPU
		{7572BE9F-D7A7-43AD-9D55-4F51202C3214}.Debug|Any CPU.ActiveCfg = Debug|Any CPU
		{7572BE9F-D7A7-43AD-9D55-4F51202C3214}.Debug|Any CPU.Build.0 = Debug|Any CPU
		{7572BE9F-D7A7-43AD-9D55-4F51202C3214}.Release|Any CPU.ActiveCfg = Release|Any CPU
		{7572BE9F-D7A7-43AD-9D55-4F51202C3214}.Release|Any CPU.Build.0 = Release|Any CPU
	EndGlobalSection
	GlobalSection(SolutionProperties) = preSolution
		HideSolutionNode = FALSE
	EndGlobalSection
	GlobalSection(ExtensibilityGlobals) = postSolution
		SolutionGuid = {3325AE0A-C2EB-4426-B13E-715F47BAFDED}
	EndGlobalSection
EndGlobal
